
Microsoft Visual Studio Solution File, Format Version 12.00
# Visual Studio Version 16
VisualStudioVersion = 16.0.31424.327
MinimumVisualStudioVersion = 10.0.40219.1
Project("{FAE04EC0-301F-11D3-BF4B-00C04F79EFBC}") = "BasicInterpreter", "BasicInterpreter\BasicInterpreter.csproj", "{FBF22DC5-3760-49BF-87FD-4480AD3E7BDB}"
EndProject
Project("{FAE04EC0-301F-11D3-BF4B-00C04F79EFBC}") = "UnitTest", "UnitTest\UnitTest.csproj", "{E3940DFD-6575-448A-9B61-51445CEA3280}"
EndProject
Global
	GlobalSection(SolutionConfigurationPlatforms) = preSolution
		Debug|Any CPU = Debug|Any CPU
		Release|Any CPU = Release|Any CPU
	EndGlobalSection
	GlobalSection(ProjectConfigurationPlatforms) = postSolution
		{FBF22DC5-3760-49BF-87FD-4480AD3E7BDB}.Debug|Any CPU.ActiveCfg = Debug|Any CPU
		{FBF22DC5-3760-49BF-87FD-4480AD3E7BDB}.Debug|Any CPU.Build.0 = Debug|Any CPU
		{FBF22DC5-3760-49BF-87FD-4480AD3E7BDB}.Release|Any CPU.ActiveCfg = Release|Any CPU
		{FBF22DC5-3760-49BF-87FD-4480AD3E7BDB}.Release|Any CPU.Build.0 = Release|Any CPU
		{E3940DFD-6575-448A-9B61-51445CEA3280}.Debug|Any CPU.ActiveCfg = Debug|Any CPU
		{E3940DFD-6575-448A-9B61-51445CEA3280}.Debug|Any CPU.Build.0 = Debug|Any CPU
		{E3940DFD-6575-448A-9B61-51445CEA3280}.Release|Any CPU.ActiveCfg = Release|Any CPU
		{E3940DFD-6575-448A-9B61-51445CEA3280}.Release|Any CPU.Build.0 = Release|Any CPU
	EndGlobalSection
	GlobalSection(SolutionProperties) = preSolution
		HideSolutionNode = FALSE
	EndGlobalSection
	GlobalSection(ExtensibilityGlobals) = postSolution
		SolutionGuid = {92D80C4D-379A-4BEC-8412-FD7E9481C153}
	EndGlobalSection
EndGlobal
